{
  "lockfileVersion": 1,
  "configVersion": 1,
  "workspaces": {
    "": {
      "name": "arima-analysis",
      "dependencies": {
        "commander": "^11.1.0",
        "iconv-lite": "^0.7.1",
        "kysely": "^0.29.6",
        "ml-matrix": "^6.10.0",
        "simple-statistics": "^7.8.8",
      },
      "devDependencies": {
        "@biomejs/biome": "^2.5.14",
        "@types/bun": "^1.3.14",
        "@types/node": "^20.10.0",
        "@typescript/native-preview": "^7.0.0-dev.20251227.1",
        "typescript": "^5.9.3",
      },
    },
  },
  "packages": {
    "@biomejs/biome": ["@biomejs/biome@2.5.14", "", { "optionalDependencies": { "@biomejs/cli-darwin-arm64": "2.5.14", "@biomejs/cli-darwin-x64": "2.5.14", "@biomejs/cli-linux-arm64": "2.5.14", "@biomejs/cli-linux-arm64-musl": "2.5.14", "@biomejs/cli-linux-x64": "2.5.14", "@biomejs/cli-linux-x64-musl": "2.5.14", "@biomejs/cli-win32-arm64": "2.5.14", "@biomejs/cli-win32-x64": "2.5.14" }, "bin": { "biome": "bin/biome" } }, "sha512-0FabLIjd4M/dm8VFI86RMaLLdgepzbdfiAL2R8cr7V81OYYrP1w7Z73KfAwPK5h9SrEBXTzNG2y+mBwPo9xRnw=="],

    "@biomejs/cli-darwin-arm64": ["@biomejs/cli-darwin-arm64@2.5.14", "", { "os": "darwin", "cpu": "arm64" }, "sha512-UnzaXO65L4tsZimFITFP2M121GyhDcWFrT3pL5ZJ5U4XcS/0L5VHYytVohdCf/gnDUFHgl2I9xnt5bV/J1kxHQ=="],

    "@biomejs/cli-darwin-x64": ["@biomejs/cli-darwin-x64@2.5.14", "", { "os": "darwin", "cpu": "x64" }, "sha512-kiy8qA16K93J7uvFfWi4LgjqDpnRKyePAna6A0Y4jxyUga35SYpIZ2cNWlhy0lsfgqRenCpfymnJWEZ6mgpRgA=="],

    "@biomejs/cli-linux-arm64": ["@biomejs/cli-linux-arm64@2.5.14", "", { "os": "linux", "cpu": "arm64" }, "sha512-vO/9BaU1n30CiFNLx49gMTMtbCAAqlo/EqFoG0BU3deQInTbJrmXSmTQ9e3FoDZIKQnvSLDVNL4lx1ci7y1T1Q=="],

    "@biomejs/cli-linux-arm64-musl": ["@biomejs/cli-linux-arm64-musl@2.5.14", "", { "os": "linux", "cpu": "arm64" }, "sha512-SJ9PrZkBnnH9dHJDnxk34vKs0GB2dbsioaft6/hPhWJ7AHpwYH83Isnhj0FSRpFkGgpVfJ1lds23ApB2czUDLQ=="],

    "@biomejs/cli-linux-x64": ["@biomejs/cli-linux-x64@2.5.14", "", { "os": "linux", "cpu": "x64" }, "sha512-VHZRa7CCQBUWKxNwUvHJeuW03WFRgN5NWO//SDGOitc9QIeNyfA42V9zlKm+x82xFSG9Bzi5fi+hbhm9anO8yA=="],

    "@biomejs/cli-linux-x64-musl": ["@biomejs/cli-linux-x64-musl@2.5.14", "", { "os": "linux", "cpu": "x64" }, "sha512-2kI5PrMgW5dcEZYrstLPmUmCwkUwZY39rP4BN93Vxbwcs2O57LDQOktUZZYPvvspN5i0mhGr3TJtF5sU26NUWg=="],

    "@biomejs/cli-win32-arm64": ["@biomejs/cli-win32-arm64@2.5.14", "", { "os": "win32", "cpu": "arm64" }, "sha512-pHgAFffmZtaYoxavEsWEYNvcA7NwOIjLyqw2HXyLbt16xYryX0L4fMV2u0G9ag6LNYPIoqWaWqzUcnc6rLGGXg=="],

    "@biomejs/cli-win32-x64": ["@biomejs/cli-win32-x64@2.5.14", "", { "os": "win32", "cpu": "x64" }, "sha512-oJWmBhoHsnhUKIke+0gXDX0mltJrWHA1UyHsrTlXwX0TL64ilVZAo+TYZm97baecV0esBdpzy3k96q+09JaZUQ=="],

    "@types/bun": ["@types/bun@1.3.14", "", { "dependencies": { "bun-types": "1.3.14" } }, "sha512-h1hFqFVcvAvD9j9K7ZW7vd82aSA+rTdznZa+5bwvCwqSB1jmmfLcbIWhOLx1/+boy/xmjgCs/OMUL8hRJSmnPw=="],

    "@types/node": ["@types/node@20.19.43", "", { "dependencies": { "undici-types": "~6.21.0" } }, "sha512-6oYBAi5ikg4Pl+kGsoYtawUMBT2zZMCvPNF7pVLnHZfd1zf38DRiWn/gT01RYCdUqkv7Fhr+C9ot4/tb+2sVvA=="],

    "@typescript/native-preview": ["@typescript/native-preview@7.0.0-dev.20260703.1", "", { "optionalDependencies": { "@typescript/native-preview-darwin-arm64": "7.0.0-dev.20260703.1", "@typescript/native-preview-darwin-x64": "7.0.0-dev.20260703.1", "@typescript/native-preview-linux-arm": "7.0.0-dev.20260703.1", "@typescript/native-preview-linux-arm64": "7.0.0-dev.20260703.1", "@typescript/native-preview-linux-x64": "7.0.0-dev.20260703.1", "@typescript/native-preview-win32-arm64": "7.0.0-dev.20260703.1", "@typescript/native-preview-win32-x64": "7.0.0-dev.20260703.1" }, "bin": { "tsgo": "bin/tsgo" } }, "sha512-qyEHkEeRWCSGLa6a8oArnMPdn3Vcl1AZj8YHLO7lK0VjEEF/YJfz1FvxmpEeuhy0ZDfvJ7GtgXbvbjcU3zpPjQ=="],

    "@typescript/native-preview-darwin-arm64": ["@typescript/native-preview-darwin-arm64@7.0.0-dev.20260703.1", "", { "os": "darwin", "cpu": "arm64" }, "sha512-EwJEd6hfaHrrbSLat6+xX8fZiAvG+/Ae1gqvJEayTNdDbkrZxmeLS23YdjUmDMIOKI2wa7zXQDid8WtrvDfMTQ=="],

    "@typescript/native-preview-darwin-x64": ["@typescript/native-preview-darwin-x64@7.0.0-dev.20260703.1", "", { "os": "darwin", "cpu": "x64" }, "sha512-tcS3gpivMq+BAiaupFqM5vuERykogJlfD4CjoxkSCksmmsKgWV96S2U/LjrKgll8R6/OEkg2VL2ycRG9+tIuHw=="],

    "@typescript/native-preview-linux-arm": ["@typescript/native-preview-linux-arm@7.0.0-dev.20260703.1", "", { "os": "linux", "cpu": "arm" }, "sha512-nluwnKcdGo6laWWYtWF3zFUDfi7nNrcD5S/T5382fVmtKmNqIdzFm9ANgSSGAavuzfdu9YJLaVWpx72Oe40AEQ=="],

    "@typescript/native-preview-linux-arm64": ["@typescript/native-preview-linux-arm64@7.0.0-dev.20260703.1", "", { "os": "linux", "cpu": "arm64" }, "sha512-m8IJTOneLXRtq6prLz8uuhp463kEt+AHV5Ceqp7G0o3eAvbKP059OwzK6WXCS5J0B3ZxX+BwBf9wDXSNidWJCw=="],

    "@typescript/native-preview-linux-x64": ["@typescript/native-preview-linux-x64@7.0.0-dev.20260703.1", "", { "os": "linux", "cpu": "x64" }, "sha512-5ga94rso68kaxJUzaufDVhka1zPaSbPgNXaemQO8faPW0crvRIkbv0g8bpG4pdWMV0tTylmluDles4ZcAzOprg=="],

    "@typescript/native-preview-win32-arm64": ["@typescript/native-preview-win32-arm64@7.0.0-dev.20260703.1", "", { "os": "win32", "cpu": "arm64" }, "sha512-YeRqOUuSyhbtryBSUE073OLpReIQXWJVyjP45gPLJ+0KAGvkd1VFz2FY1JEo++LyHoqXsGD2+qvdPpnTfSAIJg=="],

    "@typescript/native-preview-win32-x64": ["@typescript/native-preview-win32-x64@7.0.0-dev.20260703.1", "", { "os": "win32", "cpu": "x64" }, "sha512-WYNcbTaxCPgiDLrL2aPJ3BJA05nJU8DK0fUFGkGAER0oM+KcJcQUBeUkXg/7A4HBTNYcj7zIxqNgkJU1TRa/Kw=="],

    "bun-types": ["bun-types@1.3.14", "", { "dependencies": { "@types/node": "*" } }, "sha512-4N0ig0fEomHt5R0KCFWjovxow98rIoRwKolrYdCcknNwMekCXRnWEUvgu5soYV8QXtVsrUD8B95MBOZGPvr6KQ=="],

    "commander": ["commander@11.1.0", "", {}, "sha512-yPVavfyCcRhmorC7rWlkHn15b4wDVgVmBA7kV4QVBsF7kv/9TKJAbAXVTxvTnwP8HHKjRCJDClKbciiYS7p0DQ=="],

    "iconv-lite": ["iconv-lite@0.7.3", "", { "dependencies": { "safer-buffer": ">= 2.1.2 < 3.0.0" } }, "sha512-IKXpvIzjnC9XTAUbVBcMfGS0EPaIXtW6v+zr+RRp+hqULEpo0owZax6wyRwPOJbWbzjYspQwusTsfVr0ifh4uQ=="],

    "is-any-array": ["is-any-array@3.0.0", "", {}, "sha512-o4h+tylWykC4BD1vaejp6gDxoM13bwW8FGuNs4yIKpj8xbBJcRxJx8vZpq0dCr7ZDEfeKjmsi/euolKhX6f/ww=="],

    "kysely": ["kysely@0.29.6", "", {}, "sha512-hHaB8C/rfzDDtr/t8YZwxAuPJTT0zHyaPoVzcXwDYhYNAgH/4sIfVhi/XLLIY+bL/FqaIJnjATDbi8ObSELmxg=="],

    "ml-array-max": ["ml-array-max@2.0.0", "", { "dependencies": { "is-any-array": "^3.0.0" } }, "sha512-QQZ4kENwpWmyNb98UXRDFXrmtIXuXtt1+bSbda/2KA85+F+rrJP8hZk6QOkCQXM2Th9mUDYdq/PNByPdT9ID4A=="],

    "ml-array-min": ["ml-array-min@2.0.0", "", { "dependencies": { "is-any-array": "^3.0.0" } }, "sha512-GRj6Ky6sW9vGL6yIjgsHmXZ9YgrdmcQ8nCxPqEGeKc6dkfYg1XDYxGFxADUjNuZyoCd5PUscWAS4N+cFaX6hFg=="],

    "ml-array-rescale": ["ml-array-rescale@2.0.0", "", { "dependencies": { "is-any-array": "^3.0.0", "ml-array-max": "^2.0.0", "ml-array-min": "^2.0.0" } }, "sha512-2GGtKfSno94/kIloWGvpp/U5Q5vLvLrza+SAaGsLeo6Xj4mEbA6Gqx+oTfZFkxnd1grT2X007HfJNs3T5BsiVg=="],

    "ml-matrix": ["ml-matrix@6.13.0", "", { "dependencies": { "is-any-array": "^3.0.0", "ml-array-rescale": "^2.0.0" } }, "sha512-QpV0UTUkglg6vPUgThKGBEtit2ac6habSoZ33bwI9rU0UHZLqw6G3ukTIE8zWiUF3sjK8YAlhx/o/b9layzH8A=="],

    "safer-buffer": ["safer-buffer@2.1.2", "", {}, "sha512-YZo3K82SD7Riyi0E1EQPojLz7kpepnSQI9IyPbHHg1XXXevb5dJI7tpyN2ADxGcQbHG7vcyRHk0cbwqcQriUtg=="],

    "simple-statistics": ["simple-statistics@7.9.3", "", {}, "sha512-WXpxUfo7BJCRpyl4besiuMV7wNj9xiPIq7IKmUQO4upIaF8pK2AXwhjttHN5L8KXZrLkGMCHGHq4p+pJXiIahQ=="],

    "typescript": ["typescript@5.9.3", "", { "bin": { "tsc": "bin/tsc", "tsserver": "bin/tsserver" } }, "sha512-jl1vZzPDinLr9eUt3J/t7V6FgNEw9QjvBPdysz9KfQDD41fQrC2Y4vKQdiaUpFT4bXlb1RHhLpp8wtm6M5TgSw=="],

    "undici-types": ["undici-types@6.21.0", "", {}, "sha512-iwDZqg0QAGrg9Rav5H4n0M64c3mkR59cJ6wQp+7C4nI0gsmExaedaYLNO44eT4AtBBwjbTiGPMlt2Md0T9H9JQ=="],
  }
}
